
Microsoft Visual Studio Solution File, Format Version 12.00
# Visual Studio 14
VisualStudioVersion = 14.0.25420.1
MinimumVisualStudioVersion = 10.0.40219.1
Project("{FAE04EC0-301F-11D3-BF4B-00C04F79EFBC}") = "SEACC_FACTORING", "SEACC_FACTORING\SEACC_FACTORING.csproj", "{88A30CA2-C6C6-4CB0-893D-10BFA4FD295C}"
EndProject
Global
	GlobalSection(SolutionConfigurationPlatforms) = preSolution
		Debug|Any CPU = Debug|Any CPU
		Release|Any CPU = Release|Any CPU
	EndGlobalSection
	GlobalSection(ProjectConfigurationPlatforms) = postSolution
		{88A30CA2-C6C6-4CB0-893D-10BFA4FD295C}.Debug|Any CPU.ActiveCfg = Debug|Any CPU
		{88A30CA2-C6C6-4CB0-893D-10BFA4FD295C}.Debug|Any CPU.Build.0 = Debug|Any CPU
		{88A30CA2-C6C6-4CB0-893D-10BFA4FD295C}.Release|Any CPU.ActiveCfg = Release|Any CPU
		{88A30CA2-C6C6-4CB0-893D-10BFA4FD295C}.Release|Any CPU.Build.0 = Release|Any CPU
	EndGlobalSection
	GlobalSection(SolutionProperties) = preSolution
		HideSolutionNode = FALSE
	EndGlobalSection
	GlobalSection(TeamFoundationVersionControl) = preSolution
		SccNumberOfProjects = 2
		SccEnterpriseProvider = {4CA58AB2-18FA-4F8D-95D4-32DDF27D184C}
		SccTeamFoundationServer = http://192.168.10.12:8080/tfs/seacc_erp
		SccLocalPath0 = .
		SccProjectUniqueName1 = SEACC_FACTORING\\SEACC_FACTORING.csproj
		SccProjectName1 = SEACC_FACTORING
		SccLocalPath1 = SEACC_FACTORING
	EndGlobalSection
EndGlobal
