
Microsoft Visual Studio Solution File, Format Version 12.00
# Visual Studio 2013
VisualStudioVersion = 12.0.21005.1
MinimumVisualStudioVersion = 10.0.40219.1
Project("{FAE04EC0-301F-11D3-BF4B-00C04F79EFBC}") = "SEACC_PTS", "SEACC_PTS\SEACC_PTS.csproj", "{ABD8E55E-5FEA-4084-BCE4-639C82795909}"
EndProject
Project("{FAE04EC0-301F-11D3-BF4B-00C04F79EFBC}") = "SEACC_Cryptography", "SEACC_Cryptography\SEACC_Cryptography.csproj", "{CD26B30A-C37E-4D2F-8956-4D97A6E9BBE7}"
EndProject
Global
	GlobalSection(TeamFoundationVersionControl) = preSolution
		SccNumberOfProjects = 3
		SccEnterpriseProvider = {4CA58AB2-18FA-4F8D-95D4-32DDF27D184C}
		SccTeamFoundationServer = http://192.168.10.1:8080/tfs/seacc_r2
		SccLocalPath0 = .
		SccProjectUniqueName1 = SEACC_PTS\\SEACC_PTS.csproj
		SccProjectName1 = SEACC_PTS
		SccLocalPath1 = SEACC_PTS
		SccProjectUniqueName2 = SEACC_Cryptography\\SEACC_Cryptography.csproj
		SccProjectName2 = SEACC_Cryptography
		SccLocalPath2 = SEACC_Cryptography
	EndGlobalSection
	GlobalSection(SolutionConfigurationPlatforms) = preSolution
		Debug|Any CPU = Debug|Any CPU
		Release|Any CPU = Release|Any CPU
	EndGlobalSection
	GlobalSection(ProjectConfigurationPlatforms) = postSolution
		{ABD8E55E-5FEA-4084-BCE4-639C82795909}.Debug|Any CPU.ActiveCfg = Debug|Any CPU
		{ABD8E55E-5FEA-4084-BCE4-639C82795909}.Debug|Any CPU.Build.0 = Debug|Any CPU
		{ABD8E55E-5FEA-4084-BCE4-639C82795909}.Release|Any CPU.ActiveCfg = Release|Any CPU
		{ABD8E55E-5FEA-4084-BCE4-639C82795909}.Release|Any CPU.Build.0 = Release|Any CPU
		{CD26B30A-C37E-4D2F-8956-4D97A6E9BBE7}.Debug|Any CPU.ActiveCfg = Debug|Any CPU
		{CD26B30A-C37E-4D2F-8956-4D97A6E9BBE7}.Debug|Any CPU.Build.0 = Debug|Any CPU
		{CD26B30A-C37E-4D2F-8956-4D97A6E9BBE7}.Release|Any CPU.ActiveCfg = Release|Any CPU
		{CD26B30A-C37E-4D2F-8956-4D97A6E9BBE7}.Release|Any CPU.Build.0 = Release|Any CPU
	EndGlobalSection
	GlobalSection(SolutionProperties) = preSolution
		HideSolutionNode = FALSE
	EndGlobalSection
EndGlobal
