
Microsoft Visual Studio Solution File, Format Version 12.00
# Visual Studio Version 17
VisualStudioVersion = 17.1.32228.430
MinimumVisualStudioVersion = 10.0.40219.1
Project("{FAE04EC0-301F-11D3-BF4B-00C04F79EFBC}") = "KuhlektFTP", "KuhlektFTP\KuhlektFTP.csproj", "{CE35F037-90BF-4138-BDD9-9E14E04BFEFE}"
EndProject
Global
	GlobalSection(SolutionConfigurationPlatforms) = preSolution
		Debug|Any CPU = Debug|Any CPU
		Release|Any CPU = Release|Any CPU
	EndGlobalSection
	GlobalSection(ProjectConfigurationPlatforms) = postSolution
		{CE35F037-90BF-4138-BDD9-9E14E04BFEFE}.Debug|Any CPU.ActiveCfg = Debug|Any CPU
		{CE35F037-90BF-4138-BDD9-9E14E04BFEFE}.Debug|Any CPU.Build.0 = Debug|Any CPU
		{CE35F037-90BF-4138-BDD9-9E14E04BFEFE}.Release|Any CPU.ActiveCfg = Release|Any CPU
		{CE35F037-90BF-4138-BDD9-9E14E04BFEFE}.Release|Any CPU.Build.0 = Release|Any CPU
	EndGlobalSection
	GlobalSection(SolutionProperties) = preSolution
		HideSolutionNode = FALSE
	EndGlobalSection
	GlobalSection(ExtensibilityGlobals) = postSolution
		SolutionGuid = {161998DB-A22E-4CF0-8F7F-A1014EB77A99}
	EndGlobalSection
EndGlobal
