
Microsoft Visual Studio Solution File, Format Version 12.00
# Visual Studio Version 16
VisualStudioVersion = 16.0.31702.278
MinimumVisualStudioVersion = 10.0.40219.1
Project("{FAE04EC0-301F-11D3-BF4B-00C04F79EFBC}") = "SAP_DAILY_RPT", "SAP_DAILY_RPT\SAP_DAILY_RPT.csproj", "{2B844BAE-C9E2-438B-9D77-181F5EEFF48F}"
EndProject
Global
	GlobalSection(SolutionConfigurationPlatforms) = preSolution
		Debug|Any CPU = Debug|Any CPU
		Release|Any CPU = Release|Any CPU
	EndGlobalSection
	GlobalSection(ProjectConfigurationPlatforms) = postSolution
		{2B844BAE-C9E2-438B-9D77-181F5EEFF48F}.Debug|Any CPU.ActiveCfg = Debug|Any CPU
		{2B844BAE-C9E2-438B-9D77-181F5EEFF48F}.Debug|Any CPU.Build.0 = Debug|Any CPU
		{2B844BAE-C9E2-438B-9D77-181F5EEFF48F}.Release|Any CPU.ActiveCfg = Release|Any CPU
		{2B844BAE-C9E2-438B-9D77-181F5EEFF48F}.Release|Any CPU.Build.0 = Release|Any CPU
	EndGlobalSection
	GlobalSection(SolutionProperties) = preSolution
		HideSolutionNode = FALSE
	EndGlobalSection
	GlobalSection(ExtensibilityGlobals) = postSolution
		SolutionGuid = {0F7657A4-94CC-4069-AD72-67323CF02BFA}
	EndGlobalSection
EndGlobal
