
Microsoft Visual Studio Solution File, Format Version 12.00
# Visual Studio 14
VisualStudioVersion = 14.0.23107.0
MinimumVisualStudioVersion = 10.0.40219.1
Project("{FAE04EC0-301F-11D3-BF4B-00C04F79EFBC}") = "SEACC_WPFControls", "SEACC_WPFControls\SEACC_WPFControls.csproj", "{41E2A638-AA92-48CC-B6F1-EDD4D33B928F}"
EndProject
Project("{FAE04EC0-301F-11D3-BF4B-00C04F79EFBC}") = "TestProject", "TestProject\TestProject.csproj", "{3B8BFC3F-EB13-4A40-9988-2FEF6A7BC4AD}"
EndProject
Global
	GlobalSection(SolutionConfigurationPlatforms) = preSolution
		Debug|Any CPU = Debug|Any CPU
		Release|Any CPU = Release|Any CPU
	EndGlobalSection
	GlobalSection(ProjectConfigurationPlatforms) = postSolution
		{41E2A638-AA92-48CC-B6F1-EDD4D33B928F}.Debug|Any CPU.ActiveCfg = Debug|Any CPU
		{41E2A638-AA92-48CC-B6F1-EDD4D33B928F}.Debug|Any CPU.Build.0 = Debug|Any CPU
		{41E2A638-AA92-48CC-B6F1-EDD4D33B928F}.Release|Any CPU.ActiveCfg = Release|Any CPU
		{41E2A638-AA92-48CC-B6F1-EDD4D33B928F}.Release|Any CPU.Build.0 = Release|Any CPU
		{3B8BFC3F-EB13-4A40-9988-2FEF6A7BC4AD}.Debug|Any CPU.ActiveCfg = Debug|Any CPU
		{3B8BFC3F-EB13-4A40-9988-2FEF6A7BC4AD}.Debug|Any CPU.Build.0 = Debug|Any CPU
		{3B8BFC3F-EB13-4A40-9988-2FEF6A7BC4AD}.Release|Any CPU.ActiveCfg = Release|Any CPU
		{3B8BFC3F-EB13-4A40-9988-2FEF6A7BC4AD}.Release|Any CPU.Build.0 = Release|Any CPU
	EndGlobalSection
	GlobalSection(SolutionProperties) = preSolution
		HideSolutionNode = FALSE
	EndGlobalSection
	GlobalSection(ExtensibilityGlobals) = postSolution
		SolutionGuid = {2585D46D-CFB2-41A8-B6A2-1FC233FCD145}
	EndGlobalSection
	GlobalSection(TeamFoundationVersionControl) = preSolution
		SccNumberOfProjects = 3
		SccEnterpriseProvider = {4CA58AB2-18FA-4F8D-95D4-32DDF27D184C}
		SccTeamFoundationServer = https://dev.azure.com/ziontechsl
		SccLocalPath0 = .
		SccProjectUniqueName1 = SEACC_WPFControls\\SEACC_WPFControls.csproj
		SccProjectName1 = SEACC_WPFControls
		SccLocalPath1 = SEACC_WPFControls
		SccProjectUniqueName2 = TestProject\\TestProject.csproj
		SccProjectName2 = TestProject
		SccLocalPath2 = TestProject
	EndGlobalSection
EndGlobal
